
Microsoft Visual Studio Solution File, Format Version 12.00
# Visual Studio Version 17
VisualStudioVersion = 17.7.34202.233
MinimumVisualStudioVersion = 10.0.40219.1
Project("{FAE04EC0-301F-11D3-BF4B-00C04F79EFBC}") = "sampacos.github.io", "sampacos.github.io\sampacos.github.io.csproj", "{2E6AE37E-A8D6-4E04-A43C-BFA89EE26F6D}"
EndProject
Global
	GlobalSection(SolutionConfigurationPlatforms) = preSolution
		Debug|Any CPU = Debug|Any CPU
		Release|Any CPU = Release|Any CPU
	EndGlobalSection
	GlobalSection(ProjectConfigurationPlatforms) = postSolution
		{2E6AE37E-A8D6-4E04-A43C-BFA89EE26F6D}.Debug|Any CPU.ActiveCfg = Debug|Any CPU
		{2E6AE37E-A8D6-4E04-A43C-BFA89EE26F6D}.Debug|Any CPU.Build.0 = Debug|Any CPU
		{2E6AE37E-A8D6-4E04-A43C-BFA89EE26F6D}.Release|Any CPU.ActiveCfg = Release|Any CPU
		{2E6AE37E-A8D6-4E04-A43C-BFA89EE26F6D}.Release|Any CPU.Build.0 = Release|Any CPU
	EndGlobalSection
	GlobalSection(SolutionProperties) = preSolution
		HideSolutionNode = FALSE
	EndGlobalSection
	GlobalSection(ExtensibilityGlobals) = postSolution
		SolutionGuid = {6288BACD-8CFA-4A10-B83B-36CF3F7CBB61}
	EndGlobalSection
EndGlobal
